
Microsoft Visual Studio Solution File, Format Version 12.00
Project("{FAE04EC0-301F-11D3-BF4B-00C04F79EFBC}") = "VehicleTracking.Web", "VehicleTracking.Web\VehicleTracking.Web.csproj", "{FC620460-2896-48B8-8DEB-D4E07102CABB}"
EndProject
Project("{FAE04EC0-301F-11D3-BF4B-00C04F79EFBC}") = "VehicleTracking.Domain", "VehicleTracking.Domain\VehicleTracking.Domain.csproj", "{2F3242FB-845B-4AE8-93CD-7C33319A43D9}"
EndProject
Project("{FAE04EC0-301F-11D3-BF4B-00C04F79EFBC}") = "VehicleTracking.Persistence", "VehicleTracking.Persistence\VehicleTracking.Persistence.csproj", "{1B870C1A-65A2-49A7-8D5F-6DD1C5FC1752}"
EndProject
Project("{FAE04EC0-301F-11D3-BF4B-00C04F79EFBC}") = "VehicleTracking.Application", "VehicleTracking.Application\VehicleTracking.Application.csproj", "{00FBB8C0-5D65-4812-9868-78DFDE1DB48C}"
EndProject
Global
	GlobalSection(SolutionConfigurationPlatforms) = preSolution
		Debug|Any CPU = Debug|Any CPU
		Release|Any CPU = Release|Any CPU
	EndGlobalSection
	GlobalSection(ProjectConfigurationPlatforms) = postSolution
		{FC620460-2896-48B8-8DEB-D4E07102CABB}.Debug|Any CPU.ActiveCfg = Debug|Any CPU
		{FC620460-2896-48B8-8DEB-D4E07102CABB}.Debug|Any CPU.Build.0 = Debug|Any CPU
		{FC620460-2896-48B8-8DEB-D4E07102CABB}.Release|Any CPU.ActiveCfg = Release|Any CPU
		{FC620460-2896-48B8-8DEB-D4E07102CABB}.Release|Any CPU.Build.0 = Release|Any CPU
		{2F3242FB-845B-4AE8-93CD-7C33319A43D9}.Debug|Any CPU.ActiveCfg = Debug|Any CPU
		{2F3242FB-845B-4AE8-93CD-7C33319A43D9}.Debug|Any CPU.Build.0 = Debug|Any CPU
		{2F3242FB-845B-4AE8-93CD-7C33319A43D9}.Release|Any CPU.ActiveCfg = Release|Any CPU
		{2F3242FB-845B-4AE8-93CD-7C33319A43D9}.Release|Any CPU.Build.0 = Release|Any CPU
		{1B870C1A-65A2-49A7-8D5F-6DD1C5FC1752}.Debug|Any CPU.ActiveCfg = Debug|Any CPU
		{1B870C1A-65A2-49A7-8D5F-6DD1C5FC1752}.Debug|Any CPU.Build.0 = Debug|Any CPU
		{1B870C1A-65A2-49A7-8D5F-6DD1C5FC1752}.Release|Any CPU.ActiveCfg = Release|Any CPU
		{1B870C1A-65A2-49A7-8D5F-6DD1C5FC1752}.Release|Any CPU.Build.0 = Release|Any CPU
		{00FBB8C0-5D65-4812-9868-78DFDE1DB48C}.Debug|Any CPU.ActiveCfg = Debug|Any CPU
		{00FBB8C0-5D65-4812-9868-78DFDE1DB48C}.Debug|Any CPU.Build.0 = Debug|Any CPU
		{00FBB8C0-5D65-4812-9868-78DFDE1DB48C}.Release|Any CPU.ActiveCfg = Release|Any CPU
		{00FBB8C0-5D65-4812-9868-78DFDE1DB48C}.Release|Any CPU.Build.0 = Release|Any CPU
	EndGlobalSection
EndGlobal
